{
  "R": {
    "Version": "4.5.2",
    "Repositories": [
      {
        "Name": "mlrorg",
        "URL": "https://mlr-org.r-universe.dev"
      },
      {
        "Name": "CRAN",
        "URL": "https://cloud.r-project.org"
      }
    ]
  },
  "Packages": {
    "Matrix": {
      "Package": "Matrix",
      "Version": "1.7-5",
      "Source": "Repository",
      "Repository": "CRAN",
      "Depends": [
        "R (>= 4.4)",
        "methods"
      ],
      "Imports": [
        "grDevices",
        "graphics",
        "grid",
        "lattice",
        "stats",
        "utils"
      ],
      "Suggests": [
        "MASS",
        "datasets",
        "sfsmisc",
        "tools"
      ],
      "Enhances": [
        "SparseM",
        "graph"
      ]
    },
    "R6": {
      "Package": "R6",
      "Version": "2.6.1",
      "Source": "Repository",
      "Repository": "CRAN",
      "Depends": [
        "R (>= 3.6)"
      ],
      "Suggests": [
        "lobstr",
        "testthat (>= 3.0.0)"
      ]
    },
    "Rcpp": {
      "Package": "Rcpp",
      "Version": "1.1.2",
      "Source": "Repository",
      "Repository": "CRAN",
      "Depends": [
        "R (>= 3.5.0)"
      ],
      "Imports": [
        "methods",
        "utils"
      ],
      "Suggests": [
        "tinytest",
        "inline",
        "rbenchmark",
        "pkgKitten (>= 0.1.2)"
      ]
    },
    "RcppArmadillo": {
      "Package": "RcppArmadillo",
      "Version": "15.4.0-1",
      "Source": "Repository",
      "Repository": "CRAN",
      "Depends": [
        "R (>= 3.3.0)"
      ],
      "Imports": [
        "Rcpp (>= 1.1.1)",
        "stats",
        "utils",
        "methods"
      ],
      "LinkingTo": [
        "Rcpp"
      ],
      "Suggests": [
        "tinytest",
        "Matrix (>= 1.3.0)",
        "pkgKitten",
        "reticulate",
        "slam"
      ]
    },
    "askpass": {
      "Package": "askpass",
      "Version": "1.2.1",
      "Source": "Repository",
      "Repository": "CRAN",
      "Imports": [
        "sys (>= 2.1)"
      ],
      "Suggests": [
        "testthat"
      ]
    },
    "base64enc": {
      "Package": "base64enc",
      "Version": "0.1-6",
      "Source": "Repository",
      "Repository": "CRAN",
      "Depends": [
        "R (>= 2.9.0)"
      ],
      "Enhances": [
        "png"
      ]
    },
    "brew": {
      "Package": "brew",
      "Version": "1.0-10",
      "Source": "Repository",
      "Repository": "CRAN",
      "Suggests": [
        "testthat (>= 3.0.0)"
      ]
    },
    "brio": {
      "Package": "brio",
      "Version": "1.1.5",
      "Source": "Repository",
      "Repository": "CRAN",
      "Depends": [
        "R (>= 3.6)"
      ],
      "Suggests": [
        "covr",
        "testthat (>= 3.0.0)"
      ]
    },
    "bslib": {
      "Package": "bslib",
      "Version": "0.11.0",
      "Source": "Repository",
      "Repository": "CRAN",
      "Depends": [
        "R (>= 2.10)"
      ],
      "Imports": [
        "base64enc",
        "cachem",
        "fastmap (>= 1.1.1)",
        "grDevices",
        "htmltools (>= 0.5.8)",
        "jquerylib (>= 0.1.3)",
        "jsonlite",
        "lifecycle",
        "memoise (>= 2.0.1)",
        "mime",
        "rlang",
        "sass (>= 0.4.9)"
      ],
      "Suggests": [
        "brand.yml",
        "bsicons",
        "curl",
        "fontawesome",
        "future",
        "ggplot2",
        "knitr",
        "lattice",
        "magrittr",
        "rappdirs",
        "rmarkdown (>= 2.7)",
        "shiny (>= 1.11.1.9000)",
        "testthat",
        "thematic",
        "tools",
        "utils",
        "withr",
        "yaml"
      ]
    },
    "cachem": {
      "Package": "cachem",
      "Version": "1.1.0",
      "Source": "Repository",
      "Repository": "CRAN",
      "Imports": [
        "rlang",
        "fastmap (>= 1.2.0)"
      ],
      "Suggests": [
        "testthat"
      ]
    },
    "callr": {
      "Package": "callr",
      "Version": "3.8.0",
      "Source": "Repository",
      "Repository": "CRAN",
      "Depends": [
        "R (>= 3.4)"
      ],
      "Imports": [
        "otel (>= 0.2.0)",
        "processx (>= 3.6.1)",
        "R6",
        "utils"
      ],
      "Suggests": [
        "asciicast (>= 2.3.1)",
        "carrier",
        "cli (>= 1.1.0)",
        "otelsdk (>= 0.2.0)",
        "ps",
        "rprojroot",
        "spelling",
        "testthat (>= 3.2.0)",
        "withr (>= 2.3.0)"
      ]
    },
    "cli": {
      "Package": "cli",
      "Version": "3.6.6",
      "Source": "Repository",
      "Repository": "CRAN",
      "Depends": [
        "R (>= 3.4)"
      ],
      "Imports": [
        "utils"
      ],
      "Suggests": [
        "callr",
        "covr",
        "crayon",
        "digest",
        "glue (>= 1.6.0)",
        "grDevices",
        "htmltools",
        "htmlwidgets",
        "knitr",
        "methods",
        "processx",
        "ps (>= 1.3.4.9000)",
        "rlang (>= 1.0.2.9003)",
        "rmarkdown",
        "rprojroot",
        "rstudioapi",
        "testthat (>= 3.2.0)",
        "tibble",
        "whoami",
        "withr"
      ]
    },
    "clipr": {
      "Package": "clipr",
      "Version": "0.8.1",
      "Source": "Repository",
      "Repository": "CRAN",
      "Imports": [
        "utils"
      ],
      "Suggests": [
        "covr",
        "knitr",
        "rmarkdown",
        "rstudioapi (>= 0.5)",
        "testthat (>= 2.0.0)"
      ]
    },
    "commonmark": {
      "Package": "commonmark",
      "Version": "2.0.0",
      "Source": "Repository",
      "Repository": "CRAN",
      "Suggests": [
        "curl",
        "testthat",
        "xml2"
      ]
    },
    "cpp11": {
      "Package": "cpp11",
      "Version": "0.5.5",
      "Source": "Repository",
      "Repository": "CRAN",
      "Depends": [
        "R (>= 4.0.0)"
      ],
      "Suggests": [
        "bench",
        "brio",
        "callr",
        "cli",
        "covr",
        "decor",
        "desc",
        "ggplot2",
        "glue",
        "knitr",
        "lobstr",
        "mockery",
        "progress",
        "rmarkdown",
        "scales",
        "Rcpp",
        "testthat (>= 3.2.0)",
        "tibble",
        "utils",
        "vctrs",
        "withr"
      ]
    },
    "crayon": {
      "Package": "crayon",
      "Version": "1.5.3",
      "Source": "Repository",
      "Repository": "CRAN",
      "Imports": [
        "grDevices",
        "methods",
        "utils"
      ],
      "Suggests": [
        "mockery",
        "rstudioapi",
        "testthat",
        "withr"
      ]
    },
    "credentials": {
      "Package": "credentials",
      "Version": "2.0.3",
      "Source": "Repository",
      "Repository": "CRAN",
      "Imports": [
        "openssl (>= 1.3)",
        "sys (>= 2.1)",
        "curl",
        "jsonlite",
        "askpass"
      ],
      "Suggests": [
        "testthat",
        "knitr",
        "rmarkdown"
      ]
    },
    "curl": {
      "Package": "curl",
      "Version": "7.1.0",
      "Source": "Repository",
      "Repository": "CRAN",
      "Depends": [
        "R (>= 3.0.0)"
      ],
      "Suggests": [
        "spelling",
        "testthat (>= 1.0.0)",
        "knitr",
        "jsonlite",
        "later",
        "rmarkdown",
        "httpuv (>= 1.4.4)",
        "webutils"
      ]
    },
    "data.table": {
      "Package": "data.table",
      "Version": "1.18.4",
      "Source": "Repository",
      "Repository": "CRAN",
      "Depends": [
        "R (>= 3.4.0)"
      ],
      "Imports": [
        "methods"
      ],
      "Suggests": [
        "bit64 (>= 4.0.0)",
        "bit (>= 4.0.4)",
        "R.utils (>= 2.13.0)",
        "xts",
        "zoo (>= 1.8-1)",
        "yaml",
        "knitr",
        "markdown"
      ]
    },
    "desc": {
      "Package": "desc",
      "Version": "1.4.3",
      "Source": "Repository",
      "Repository": "CRAN",
      "Depends": [
        "R (>= 3.4)"
      ],
      "Imports": [
        "cli",
        "R6",
        "utils"
      ],
      "Suggests": [
        "callr",
        "covr",
        "gh",
        "spelling",
        "testthat",
        "whoami",
        "withr"
      ]
    },
    "devtools": {
      "Package": "devtools",
      "Version": "2.5.2",
      "Source": "Repository",
      "Repository": "CRAN",
      "Depends": [
        "R (>= 4.1)",
        "usethis (>= 3.2.1)"
      ],
      "Imports": [
        "cli (>= 3.6.6)",
        "desc (>= 1.4.3)",
        "ellipsis (>= 0.3.3)",
        "fs (>= 2.1.0)",
        "lifecycle (>= 1.0.5)",
        "memoise (>= 2.0.1)",
        "miniUI (>= 0.1.2)",
        "pak (>= 0.9.5)",
        "pkgbuild (>= 1.4.8)",
        "pkgdown (>= 2.2.0)",
        "pkgload (>= 1.5.2)",
        "profvis (>= 0.4.0)",
        "rcmdcheck (>= 1.4.0)",
        "rlang (>= 1.2.0)",
        "roxygen2 (>= 7.3.3)",
        "rversions (>= 3.0.0)",
        "sessioninfo (>= 1.2.3)",
        "testthat (>= 3.3.2)",
        "urlchecker (>= 1.0.1)",
        "withr (>= 3.0.2)"
      ],
      "Suggests": [
        "BiocManager (>= 1.30.18)",
        "callr (>= 3.7.1)",
        "covr (>= 3.5.1)",
        "curl (>= 4.3.2)",
        "digest (>= 0.6.29)",
        "DT (>= 0.23)",
        "foghorn (>= 1.4.2)",
        "gh (>= 1.3.0)",
        "httr2 (>= 1.0.0)",
        "knitr (>= 1.39)",
        "lintr (>= 3.0.0)",
        "quarto (>= 1.5.1)",
        "remotes (>= 2.5.0)",
        "rmarkdown (>= 2.14)",
        "rstudioapi (>= 0.13)",
        "spelling (>= 2.2)",
        "xml2"
      ]
    },
    "diffobj": {
      "Package": "diffobj",
      "Version": "0.3.6",
      "Source": "Repository",
      "Repository": "CRAN",
      "Depends": [
        "R (>= 3.1.0)"
      ],
      "Imports": [
        "crayon (>= 1.3.2)",
        "tools",
        "methods",
        "utils",
        "stats"
      ],
      "Suggests": [
        "knitr",
        "rmarkdown"
      ]
    },
    "digest": {
      "Package": "digest",
      "Version": "0.6.39",
      "Source": "Repository",
      "Repository": "CRAN",
      "Depends": [
        "R (>= 3.3.0)"
      ],
      "Imports": [
        "utils"
      ],
      "Suggests": [
        "tinytest",
        "simplermarkdown",
        "rbenchmark"
      ]
    },
    "downlit": {
      "Package": "downlit",
      "Version": "0.4.5",
      "Source": "Repository",
      "Repository": "CRAN",
      "Depends": [
        "R (>= 4.0.0)"
      ],
      "Imports": [
        "brio",
        "desc",
        "digest",
        "evaluate",
        "fansi",
        "memoise",
        "rlang",
        "vctrs",
        "withr",
        "yaml"
      ],
      "Suggests": [
        "covr",
        "htmltools",
        "jsonlite",
        "MASS",
        "MassSpecWavelet",
        "pkgload",
        "rmarkdown",
        "testthat (>= 3.0.0)",
        "xml2"
      ]
    },
    "ellipsis": {
      "Package": "ellipsis",
      "Version": "0.3.3",
      "Source": "Repository",
      "Repository": "CRAN",
      "Depends": [
        "R (>= 3.2)"
      ],
      "Imports": [
        "rlang (>= 1.1.7)"
      ],
      "Suggests": [
        "covr",
        "testthat"
      ]
    },
    "evaluate": {
      "Package": "evaluate",
      "Version": "1.0.5",
      "Source": "Repository",
      "Repository": "CRAN",
      "Depends": [
        "R (>= 3.6.0)"
      ],
      "Suggests": [
        "callr",
        "covr",
        "ggplot2 (>= 3.3.6)",
        "lattice",
        "methods",
        "pkgload",
        "ragg (>= 1.4.0)",
        "rlang (>= 1.1.5)",
        "knitr",
        "testthat (>= 3.0.0)",
        "withr"
      ]
    },
    "fansi": {
      "Package": "fansi",
      "Version": "1.0.7",
      "Source": "Repository",
      "Repository": "CRAN",
      "Depends": [
        "R (>= 3.1.0)"
      ],
      "Imports": [
        "grDevices",
        "utils"
      ],
      "Suggests": [
        "unitizer",
        "knitr",
        "rmarkdown"
      ]
    },
    "fastmap": {
      "Package": "fastmap",
      "Version": "1.2.0",
      "Source": "Repository",
      "Repository": "CRAN",
      "Suggests": [
        "testthat (>= 2.1.1)"
      ]
    },
    "fontawesome": {
      "Package": "fontawesome",
      "Version": "0.5.3",
      "Source": "Repository",
      "Repository": "CRAN",
      "Depends": [
        "R (>= 3.3.0)"
      ],
      "Imports": [
        "rlang (>= 1.0.6)",
        "htmltools (>= 0.5.1.1)"
      ],
      "Suggests": [
        "covr",
        "dplyr (>= 1.0.8)",
        "gt (>= 0.9.0)",
        "knitr (>= 1.31)",
        "testthat (>= 3.0.0)",
        "rsvg"
      ]
    },
    "fs": {
      "Package": "fs",
      "Version": "2.1.0",
      "Source": "Repository",
      "Repository": "CRAN",
      "Depends": [
        "R (>= 4.1)"
      ],
      "Imports": [
        "methods"
      ],
      "Suggests": [
        "covr",
        "crayon",
        "knitr",
        "pillar (>= 1.0.0)",
        "rmarkdown",
        "spelling",
        "testthat (>= 3.0.0)",
        "tibble (>= 1.1.0)",
        "vctrs (>= 0.3.0)",
        "withr"
      ]
    },
    "gert": {
      "Package": "gert",
      "Version": "2.3.1",
      "Source": "Repository",
      "Repository": "CRAN",
      "Imports": [
        "askpass",
        "credentials (>= 1.2.1)",
        "openssl (>= 2.0.3)",
        "rstudioapi (>= 0.11)",
        "sys",
        "zip (>= 2.1.0)"
      ],
      "Suggests": [
        "spelling",
        "knitr",
        "rmarkdown",
        "testthat"
      ]
    },
    "gh": {
      "Package": "gh",
      "Version": "1.6.0",
      "Source": "Repository",
      "Repository": "CRAN",
      "Depends": [
        "R (>= 4.1)"
      ],
      "Imports": [
        "cli (>= 3.0.1)",
        "gitcreds",
        "glue",
        "httr2 (>= 1.0.6)",
        "ini",
        "jsonlite",
        "lifecycle",
        "rlang (>= 1.1.0)"
      ],
      "Suggests": [
        "connectcreds",
        "covr",
        "knitr",
        "rmarkdown",
        "rprojroot",
        "spelling",
        "testthat (>= 3.0.0)",
        "vctrs",
        "webfakes (>= 1.5.0)",
        "withr"
      ]
    },
    "gitcreds": {
      "Package": "gitcreds",
      "Version": "0.1.2",
      "Source": "Repository",
      "Repository": "CRAN",
      "Depends": [
        "R (>= 3.4)"
      ],
      "Suggests": [
        "codetools",
        "covr",
        "knitr",
        "mockery",
        "oskeyring",
        "rmarkdown",
        "testthat (>= 3.0.0)",
        "withr"
      ]
    },
    "glue": {
      "Package": "glue",
      "Version": "1.8.1",
      "Source": "Repository",
      "Repository": "CRAN",
      "Depends": [
        "R (>= 4.1)"
      ],
      "Imports": [
        "methods"
      ],
      "Suggests": [
        "crayon",
        "DBI (>= 1.2.0)",
        "dplyr",
        "knitr",
        "rlang",
        "rmarkdown",
        "RSQLite",
        "testthat (>= 3.2.0)",
        "vctrs (>= 0.3.0)",
        "waldo (>= 0.5.3)",
        "withr"
      ]
    },
    "highr": {
      "Package": "highr",
      "Version": "0.12",
      "Source": "Repository",
      "Repository": "CRAN",
      "Depends": [
        "R (>= 3.3.0)"
      ],
      "Imports": [
        "xfun (>= 0.18)"
      ],
      "Suggests": [
        "knitr",
        "markdown",
        "testit"
      ]
    },
    "htmltools": {
      "Package": "htmltools",
      "Version": "0.5.9",
      "Source": "Repository",
      "Repository": "CRAN",
      "Depends": [
        "R (>= 2.14.1)"
      ],
      "Imports": [
        "base64enc",
        "digest",
        "fastmap (>= 1.1.0)",
        "grDevices",
        "rlang (>= 1.0.0)",
        "utils"
      ],
      "Suggests": [
        "Cairo",
        "markdown",
        "ragg",
        "shiny",
        "testthat",
        "withr"
      ],
      "Enhances": [
        "knitr"
      ]
    },
    "htmlwidgets": {
      "Package": "htmlwidgets",
      "Version": "1.6.4",
      "Source": "Repository",
      "Repository": "CRAN",
      "Imports": [
        "grDevices",
        "htmltools (>= 0.5.7)",
        "jsonlite (>= 0.9.16)",
        "knitr (>= 1.8)",
        "rmarkdown",
        "yaml"
      ],
      "Suggests": [
        "testthat"
      ],
      "Enhances": [
        "shiny (>= 1.1)"
      ]
    },
    "httpuv": {
      "Package": "httpuv",
      "Version": "1.6.17",
      "Source": "Repository",
      "Repository": "CRAN",
      "Depends": [
        "R (>= 2.15.1)"
      ],
      "Imports": [
        "later (>= 0.8.0)",
        "promises",
        "R6",
        "Rcpp (>= 1.0.7)",
        "utils"
      ],
      "LinkingTo": [
        "later",
        "Rcpp"
      ],
      "Suggests": [
        "callr",
        "curl",
        "jsonlite",
        "testthat (>= 3.0.0)",
        "websocket"
      ]
    },
    "httr2": {
      "Package": "httr2",
      "Version": "1.2.3",
      "Source": "Repository",
      "Repository": "CRAN",
      "Depends": [
        "R (>= 4.1)"
      ],
      "Imports": [
        "cli (>= 3.0.0)",
        "curl (>= 6.4.0)",
        "glue",
        "lifecycle",
        "magrittr",
        "openssl",
        "R6",
        "rappdirs",
        "rlang (>= 1.1.0)",
        "vctrs (>= 0.6.3)",
        "withr"
      ],
      "Suggests": [
        "askpass",
        "bench",
        "clipr",
        "covr",
        "digest",
        "docopt",
        "httpuv",
        "jose",
        "jsonlite",
        "knitr",
        "later (>= 1.4.0)",
        "nanonext",
        "otel (>= 0.2.0)",
        "otelsdk (>= 0.2.0)",
        "paws.common (>= 0.8.0)",
        "promises",
        "rmarkdown",
        "testthat (>= 3.1.8)",
        "tibble",
        "webfakes (>= 1.4.0)",
        "xml2"
      ]
    },
    "igraph": {
      "Package": "igraph",
      "Version": "2.3.3",
      "Source": "Repository",
      "Repository": "CRAN",
      "Depends": [
        "methods",
        "R (>= 3.5.0)"
      ],
      "Imports": [
        "cli",
        "graphics",
        "grDevices",
        "lifecycle",
        "magrittr",
        "Matrix",
        "pkgconfig (>= 2.0.0)",
        "rlang (>= 1.1.0)",
        "stats",
        "utils",
        "vctrs"
      ],
      "LinkingTo": [
        "cpp11 (>= 0.5.0)"
      ],
      "Suggests": [
        "ape (>= 5.7-0.1)",
        "callr",
        "decor",
        "digest",
        "igraphdata",
        "knitr",
        "rgl (>= 1.3.14)",
        "rmarkdown",
        "scales",
        "stats4",
        "tcltk",
        "testthat",
        "vdiffr",
        "withr"
      ],
      "Enhances": [
        "graph"
      ]
    },
    "ini": {
      "Package": "ini",
      "Version": "0.3.1",
      "Source": "Repository",
      "Repository": "CRAN",
      "Suggests": [
        "testthat"
      ]
    },
    "jquerylib": {
      "Package": "jquerylib",
      "Version": "0.1.4",
      "Source": "Repository",
      "Repository": "CRAN",
      "Imports": [
        "htmltools"
      ],
      "Suggests": [
        "testthat"
      ]
    },
    "jsonlite": {
      "Package": "jsonlite",
      "Version": "2.0.0",
      "Source": "Repository",
      "Repository": "CRAN",
      "Depends": [
        "methods"
      ],
      "Suggests": [
        "httr",
        "vctrs",
        "testthat",
        "knitr",
        "rmarkdown",
        "R.rsp",
        "sf"
      ]
    },
    "knitr": {
      "Package": "knitr",
      "Version": "1.51",
      "Source": "Repository",
      "Repository": "CRAN",
      "Depends": [
        "R (>= 3.6.0)"
      ],
      "Imports": [
        "evaluate (>= 0.15)",
        "highr (>= 0.11)",
        "methods",
        "tools",
        "xfun (>= 0.52)",
        "yaml (>= 2.1.19)"
      ],
      "Suggests": [
        "bslib",
        "DBI (>= 0.4-1)",
        "digest",
        "formatR",
        "gifski",
        "gridSVG",
        "htmlwidgets (>= 0.7)",
        "jpeg",
        "JuliaCall (>= 0.11.1)",
        "magick",
        "litedown",
        "markdown (>= 1.3)",
        "otel",
        "otelsdk",
        "png",
        "ragg",
        "reticulate (>= 1.4)",
        "rgl (>= 0.95.1201)",
        "rlang",
        "rmarkdown",
        "sass",
        "showtext",
        "styler (>= 1.2.0)",
        "targets (>= 0.6.0)",
        "testit",
        "tibble",
        "tikzDevice (>= 0.10)",
        "tinytex (>= 0.56)",
        "webshot",
        "rstudioapi",
        "svglite"
      ]
    },
    "later": {
      "Package": "later",
      "Version": "1.4.8",
      "Source": "Repository",
      "Repository": "CRAN",
      "Depends": [
        "R (>= 3.5)"
      ],
      "Imports": [
        "Rcpp (>= 1.0.10)",
        "rlang"
      ],
      "LinkingTo": [
        "Rcpp"
      ],
      "Suggests": [
        "knitr",
        "nanonext",
        "promises",
        "rmarkdown",
        "testthat (>= 3.0.0)"
      ]
    },
    "lattice": {
      "Package": "lattice",
      "Version": "0.22-9",
      "Source": "Repository",
      "Repository": "CRAN",
      "Depends": [
        "R (>= 4.0.0)"
      ],
      "Imports": [
        "grid",
        "grDevices",
        "graphics",
        "stats",
        "utils"
      ],
      "Suggests": [
        "KernSmooth",
        "MASS",
        "latticeExtra",
        "colorspace"
      ],
      "Enhances": [
        "chron",
        "zoo"
      ]
    },
    "lifecycle": {
      "Package": "lifecycle",
      "Version": "1.0.5",
      "Source": "Repository",
      "Repository": "CRAN",
      "Depends": [
        "R (>= 3.6)"
      ],
      "Imports": [
        "cli (>= 3.4.0)",
        "rlang (>= 1.1.0)"
      ],
      "Suggests": [
        "covr",
        "knitr",
        "lintr (>= 3.1.0)",
        "rmarkdown",
        "testthat (>= 3.0.1)",
        "tibble",
        "tidyverse",
        "tools",
        "vctrs",
        "withr",
        "xml2"
      ]
    },
    "magrittr": {
      "Package": "magrittr",
      "Version": "2.0.5",
      "Source": "Repository",
      "Repository": "CRAN",
      "Depends": [
        "R (>= 3.4.0)"
      ],
      "Suggests": [
        "covr",
        "knitr",
        "rlang",
        "rmarkdown",
        "testthat"
      ]
    },
    "memoise": {
      "Package": "memoise",
      "Version": "2.0.1",
      "Source": "Repository",
      "Repository": "CRAN",
      "Imports": [
        "rlang (>= 0.4.10)",
        "cachem"
      ],
      "Suggests": [
        "digest",
        "aws.s3",
        "covr",
        "googleAuthR",
        "googleCloudStorageR",
        "httr",
        "testthat"
      ]
    },
    "mime": {
      "Package": "mime",
      "Version": "0.13",
      "Source": "Repository",
      "Repository": "CRAN",
      "Imports": [
        "tools"
      ]
    },
    "miniUI": {
      "Package": "miniUI",
      "Version": "0.1.2",
      "Source": "Repository",
      "Repository": "CRAN",
      "Imports": [
        "shiny (>= 0.13)",
        "htmltools (>= 0.3)",
        "utils"
      ]
    },
    "nadiv": {
      "Package": "nadiv",
      "Version": "2.18.0",
      "Source": "Repository",
      "Repository": "CRAN",
      "Depends": [
        "R (>= 4.2.0)",
        "Matrix"
      ],
      "Imports": [
        "graphics",
        "methods",
        "stats"
      ],
      "Suggests": [
        "parallel"
      ],
      "Enhances": [
        "MCMCglmm",
        "asreml"
      ]
    },
    "openssl": {
      "Package": "openssl",
      "Version": "2.4.2",
      "Source": "Repository",
      "Repository": "CRAN",
      "Imports": [
        "askpass"
      ],
      "Suggests": [
        "curl",
        "testthat (>= 2.1.0)",
        "digest",
        "knitr",
        "rmarkdown",
        "jsonlite",
        "jose",
        "sodium"
      ]
    },
    "otel": {
      "Package": "otel",
      "Version": "0.2.0",
      "Source": "Repository",
      "Repository": "CRAN",
      "Depends": [
        "R (>= 3.6.0)"
      ],
      "Suggests": [
        "callr",
        "cli",
        "glue",
        "jsonlite",
        "otelsdk",
        "processx",
        "shiny",
        "spelling",
        "testthat (>= 3.0.0)",
        "utils",
        "withr"
      ]
    },
    "pak": {
      "Package": "pak",
      "Version": "0.10.0",
      "Source": "Repository",
      "Repository": "CRAN",
      "Depends": [
        "R (>= 3.5)"
      ],
      "Imports": [
        "tools",
        "utils"
      ],
      "Suggests": [
        "callr (>= 3.7.0)",
        "cli (>= 3.2.0)",
        "covr",
        "curl (>= 4.3.2)",
        "desc (>= 1.4.1)",
        "filelock (>= 1.0.2)",
        "gitcreds",
        "glue (>= 1.6.2)",
        "jsonlite (>= 1.8.0)",
        "keyring (>= 1.4.0)",
        "pingr",
        "pkgbuild (>= 1.4.2)",
        "pkgcache (>= 2.2.4)",
        "pkgdepends (>= 0.9.0)",
        "pkgload",
        "pkgsearch (>= 3.1.0)",
        "processx (>= 3.8.1)",
        "ps (>= 1.6.0)",
        "rstudioapi",
        "testthat (>= 3.2.0)",
        "webfakes",
        "withr",
        "yaml"
      ]
    },
    "pillar": {
      "Package": "pillar",
      "Version": "1.11.1",
      "Source": "Repository",
      "Repository": "CRAN",
      "Imports": [
        "cli (>= 2.3.0)",
        "glue",
        "lifecycle",
        "rlang (>= 1.0.2)",
        "utf8 (>= 1.1.0)",
        "utils",
        "vctrs (>= 0.5.0)"
      ],
      "Suggests": [
        "bit64",
        "DBI",
        "debugme",
        "DiagrammeR",
        "dplyr",
        "formattable",
        "ggplot2",
        "knitr",
        "lubridate",
        "nanotime",
        "nycflights13",
        "palmerpenguins",
        "rmarkdown",
        "scales",
        "stringi",
        "survival",
        "testthat (>= 3.1.1)",
        "tibble",
        "units (>= 0.7.2)",
        "vdiffr",
        "withr"
      ]
    },
    "pkgbuild": {
      "Package": "pkgbuild",
      "Version": "1.4.8",
      "Source": "Repository",
      "Repository": "CRAN",
      "Depends": [
        "R (>= 3.5)"
      ],
      "Imports": [
        "callr (>= 3.2.0)",
        "cli (>= 3.4.0)",
        "desc",
        "processx",
        "R6"
      ],
      "Suggests": [
        "covr",
        "cpp11",
        "knitr",
        "Rcpp",
        "rmarkdown",
        "testthat (>= 3.2.0)",
        "withr (>= 2.3.0)"
      ]
    },
    "pkgconfig": {
      "Package": "pkgconfig",
      "Version": "2.0.3",
      "Source": "Repository",
      "Repository": "CRAN",
      "Imports": [
        "utils"
      ],
      "Suggests": [
        "covr",
        "testthat",
        "disposables (>= 1.0.3)"
      ]
    },
    "pkgdown": {
      "Package": "pkgdown",
      "Version": "2.2.0",
      "Source": "Repository",
      "Repository": "CRAN",
      "Depends": [
        "R (>= 4.1)"
      ],
      "Imports": [
        "bslib (>= 0.5.1)",
        "callr (>= 3.7.3)",
        "cli (>= 3.6.1)",
        "desc (>= 1.4.0)",
        "downlit (>= 0.4.4)",
        "fontawesome",
        "fs (>= 1.4.0)",
        "httr2 (>= 1.0.2)",
        "jsonlite",
        "lifecycle",
        "openssl",
        "purrr (>= 1.0.0)",
        "ragg (>= 1.4.0)",
        "rlang (>= 1.1.4)",
        "rmarkdown (>= 2.27)",
        "tibble",
        "whisker",
        "withr (>= 2.4.3)",
        "xml2 (>= 1.3.1)",
        "yaml (>= 2.3.9)"
      ],
      "Suggests": [
        "covr",
        "diffviewer",
        "evaluate (>= 0.24.0)",
        "gert",
        "gt",
        "htmltools",
        "htmlwidgets",
        "knitr (>= 1.50)",
        "magick",
        "methods",
        "pkgload (>= 1.0.2)",
        "quarto",
        "rsconnect",
        "rstudioapi",
        "rticles",
        "sass",
        "testthat (>= 3.1.3)",
        "tools"
      ]
    },
    "pkgload": {
      "Package": "pkgload",
      "Version": "1.5.3",
      "Source": "Repository",
      "Repository": "CRAN",
      "Depends": [
        "R (>= 3.4.0)"
      ],
      "Imports": [
        "cli (>= 3.3.0)",
        "desc",
        "fs",
        "glue",
        "lifecycle",
        "methods",
        "pkgbuild",
        "processx",
        "rlang (>= 1.1.1)",
        "rprojroot",
        "utils"
      ],
      "Suggests": [
        "bitops",
        "jsonlite",
        "mathjaxr",
        "pak",
        "Rcpp",
        "remotes",
        "rstudioapi",
        "testthat (>= 3.2.1.1)",
        "usethis",
        "withr"
      ]
    },
    "praise": {
      "Package": "praise",
      "Version": "1.0.0",
      "Source": "Repository",
      "Repository": "CRAN",
      "Suggests": [
        "testthat"
      ]
    },
    "prettyunits": {
      "Package": "prettyunits",
      "Version": "1.2.0",
      "Source": "Repository",
      "Repository": "CRAN",
      "Depends": [
        "R(>= 2.10)"
      ],
      "Suggests": [
        "codetools",
        "covr",
        "testthat"
      ]
    },
    "processx": {
      "Package": "processx",
      "Version": "3.9.0",
      "Source": "Repository",
      "Repository": "CRAN",
      "Depends": [
        "R (>= 3.4.0)"
      ],
      "Imports": [
        "ps (>= 1.9.3)",
        "R6",
        "utils"
      ],
      "Suggests": [
        "callr (>= 3.7.3)",
        "cli (>= 3.3.0)",
        "codetools",
        "covr",
        "curl",
        "debugme",
        "parallel",
        "rlang (>= 1.0.2)",
        "testthat (>= 3.0.0)",
        "webfakes",
        "withr"
      ]
    },
    "profvis": {
      "Package": "profvis",
      "Version": "0.4.0",
      "Source": "Repository",
      "Repository": "CRAN",
      "Depends": [
        "R (>= 4.0)"
      ],
      "Imports": [
        "htmlwidgets (>= 0.3.2)",
        "rlang (>= 1.1.0)",
        "vctrs"
      ],
      "Suggests": [
        "htmltools",
        "knitr",
        "rmarkdown",
        "shiny",
        "testthat (>= 3.0.0)"
      ]
    },
    "promises": {
      "Package": "promises",
      "Version": "1.5.0",
      "Source": "Repository",
      "Repository": "CRAN",
      "Depends": [
        "R (>= 4.1.0)"
      ],
      "Imports": [
        "fastmap (>= 1.1.0)",
        "later",
        "lifecycle",
        "magrittr (>= 1.5)",
        "otel (>= 0.2.0)",
        "R6",
        "rlang"
      ],
      "Suggests": [
        "future (>= 1.21.0)",
        "knitr",
        "mirai",
        "otelsdk (>= 0.2.0)",
        "purrr",
        "Rcpp",
        "rmarkdown",
        "spelling",
        "testthat (>= 3.0.0)",
        "vembedr"
      ]
    },
    "ps": {
      "Package": "ps",
      "Version": "1.9.3",
      "Source": "Repository",
      "Repository": "CRAN",
      "Depends": [
        "R (>= 3.4)"
      ],
      "Imports": [
        "utils"
      ],
      "Suggests": [
        "callr",
        "covr",
        "curl",
        "pillar",
        "pingr",
        "processx (>= 3.1.0)",
        "R6",
        "rlang",
        "testthat (>= 3.0.0)",
        "webfakes",
        "withr"
      ]
    },
    "purrr": {
      "Package": "purrr",
      "Version": "1.2.2",
      "Source": "Repository",
      "Repository": "CRAN",
      "Depends": [
        "R (>= 4.1)"
      ],
      "Imports": [
        "cli (>= 3.6.1)",
        "lifecycle (>= 1.0.3)",
        "magrittr (>= 1.5.0)",
        "rlang (>= 1.1.1)",
        "vctrs (>= 0.6.3)"
      ],
      "LinkingTo": [
        "cli"
      ],
      "Suggests": [
        "carrier (>= 0.3.0)",
        "covr",
        "dplyr (>= 0.7.8)",
        "httr",
        "knitr",
        "lubridate",
        "mirai (>= 2.5.1)",
        "rmarkdown",
        "testthat (>= 3.0.0)",
        "tibble",
        "tidyselect"
      ]
    },
    "ragg": {
      "Package": "ragg",
      "Version": "1.5.2",
      "Source": "Repository",
      "Repository": "CRAN",
      "Imports": [
        "systemfonts (>= 1.0.3)",
        "textshaping (>= 0.3.0)"
      ],
      "LinkingTo": [
        "systemfonts",
        "textshaping"
      ],
      "Suggests": [
        "covr",
        "graphics",
        "grid",
        "testthat (>= 3.0.0)"
      ]
    },
    "rappdirs": {
      "Package": "rappdirs",
      "Version": "0.3.4",
      "Source": "Repository",
      "Repository": "CRAN",
      "Depends": [
        "R (>= 4.1)"
      ],
      "Suggests": [
        "covr",
        "roxygen2",
        "testthat (>= 3.2.0)",
        "withr"
      ]
    },
    "rcmdcheck": {
      "Package": "rcmdcheck",
      "Version": "1.4.0",
      "Source": "Repository",
      "Repository": "CRAN",
      "Imports": [
        "callr (>= 3.1.1.9000)",
        "cli (>= 3.0.0)",
        "curl",
        "desc (>= 1.2.0)",
        "digest",
        "pkgbuild",
        "prettyunits",
        "R6",
        "rprojroot",
        "sessioninfo (>= 1.1.1)",
        "utils",
        "withr",
        "xopen"
      ],
      "Suggests": [
        "covr",
        "knitr",
        "mockery",
        "processx",
        "ps",
        "rmarkdown",
        "svglite",
        "testthat",
        "webfakes"
      ]
    },
    "renv": {
      "Package": "renv",
      "Version": "1.2.3",
      "Source": "Repository",
      "Repository": "CRAN",
      "Imports": [
        "utils"
      ],
      "Suggests": [
        "BiocManager",
        "cli",
        "compiler",
        "covr",
        "cpp11",
        "curl",
        "devtools",
        "generics",
        "gitcreds",
        "jsonlite",
        "jsonvalidate",
        "knitr",
        "miniUI",
        "modules",
        "packrat",
        "pak",
        "R6",
        "remotes",
        "reticulate",
        "rmarkdown",
        "rstudioapi",
        "shiny",
        "testthat",
        "uuid",
        "waldo",
        "yaml",
        "webfakes"
      ]
    },
    "rlang": {
      "Package": "rlang",
      "Version": "1.3.0",
      "Source": "Repository",
      "Repository": "CRAN",
      "Depends": [
        "R (>= 4.0.0)"
      ],
      "Imports": [
        "utils"
      ],
      "Suggests": [
        "cli (>= 3.1.0)",
        "covr",
        "crayon",
        "desc",
        "fs",
        "glue",
        "knitr",
        "magrittr",
        "methods",
        "pillar",
        "pkgload",
        "rmarkdown",
        "stats",
        "testthat (>= 3.3.2)",
        "tibble",
        "usethis",
        "vctrs (>= 0.2.3)",
        "withr"
      ],
      "Enhances": [
        "winch"
      ]
    },
    "rmarkdown": {
      "Package": "rmarkdown",
      "Version": "2.31",
      "Source": "Repository",
      "Repository": "CRAN",
      "Depends": [
        "R (>= 3.0)"
      ],
      "Imports": [
        "bslib (>= 0.2.5.1)",
        "evaluate (>= 0.13)",
        "fontawesome (>= 0.5.0)",
        "htmltools (>= 0.5.1)",
        "jquerylib",
        "jsonlite",
        "knitr (>= 1.43)",
        "methods",
        "tinytex (>= 0.31)",
        "tools",
        "utils",
        "xfun (>= 0.36)",
        "yaml (>= 2.1.19)"
      ],
      "Suggests": [
        "digest",
        "dygraphs",
        "fs",
        "rsconnect",
        "downlit (>= 0.4.0)",
        "katex (>= 1.4.0)",
        "sass (>= 0.4.0)",
        "shiny (>= 1.6.0)",
        "testthat (>= 3.0.3)",
        "tibble",
        "vctrs",
        "cleanrmd",
        "withr (>= 2.4.2)",
        "xml2"
      ]
    },
    "roxygen2": {
      "Package": "roxygen2",
      "Version": "8.0.0",
      "Source": "Repository",
      "Repository": "CRAN",
      "Depends": [
        "R (>= 4.1)"
      ],
      "Imports": [
        "brew",
        "cli (>= 3.3.0)",
        "commonmark",
        "desc (>= 1.2.0)",
        "knitr",
        "lifecycle",
        "methods",
        "pkgload (>= 1.5.2)",
        "R6 (>= 2.1.2)",
        "rlang (>= 1.1.0)",
        "utils",
        "withr",
        "xml2"
      ],
      "LinkingTo": [
        "cpp11"
      ],
      "Suggests": [
        "covr",
        "R.methodsS3",
        "S7",
        "R.oo",
        "rmarkdown (>= 2.16)",
        "testthat (>= 3.1.2)",
        "yaml"
      ]
    },
    "rprojroot": {
      "Package": "rprojroot",
      "Version": "2.1.1",
      "Source": "Repository",
      "Repository": "CRAN",
      "Depends": [
        "R (>= 3.0.0)"
      ],
      "Suggests": [
        "covr",
        "knitr",
        "lifecycle",
        "rlang",
        "rmarkdown",
        "testthat (>= 3.2.0)",
        "withr"
      ]
    },
    "rstudioapi": {
      "Package": "rstudioapi",
      "Version": "0.19.0",
      "Source": "Repository",
      "Repository": "CRAN",
      "Suggests": [
        "testthat",
        "knitr",
        "rmarkdown",
        "clipr",
        "covr",
        "curl",
        "jsonlite",
        "R6",
        "withr"
      ]
    },
    "rversions": {
      "Package": "rversions",
      "Version": "3.0.0",
      "Source": "Repository",
      "Repository": "CRAN",
      "Imports": [
        "curl"
      ],
      "Suggests": [
        "pillar",
        "testthat (>= 3.0.0)",
        "webfakes",
        "withr"
      ]
    },
    "sass": {
      "Package": "sass",
      "Version": "0.4.10",
      "Source": "Repository",
      "Repository": "CRAN",
      "Imports": [
        "fs (>= 1.2.4)",
        "rlang (>= 0.4.10)",
        "htmltools (>= 0.5.1)",
        "R6",
        "rappdirs"
      ],
      "Suggests": [
        "testthat",
        "knitr",
        "rmarkdown",
        "withr",
        "shiny",
        "curl"
      ]
    },
    "sessioninfo": {
      "Package": "sessioninfo",
      "Version": "1.2.4",
      "Source": "Repository",
      "Repository": "CRAN",
      "Depends": [
        "R (>= 3.4)"
      ],
      "Imports": [
        "cli (>= 3.1.0)",
        "tools",
        "utils"
      ],
      "Suggests": [
        "callr",
        "covr",
        "gh",
        "reticulate",
        "rmarkdown",
        "testthat (>= 3.2.0)",
        "withr"
      ]
    },
    "shiny": {
      "Package": "shiny",
      "Version": "1.14.0",
      "Source": "Repository",
      "Repository": "CRAN",
      "Depends": [
        "methods",
        "R (>= 3.1.2)"
      ],
      "Imports": [
        "bslib (>= 0.6.0)",
        "cachem (>= 1.1.0)",
        "cli",
        "commonmark (>= 2.0.0)",
        "fastmap (>= 1.1.1)",
        "fontawesome (>= 0.4.0)",
        "glue (>= 1.3.2)",
        "grDevices",
        "htmltools (>= 0.5.4)",
        "httpuv (>= 1.5.2)",
        "jsonlite (>= 0.9.16)",
        "later (>= 1.0.0)",
        "lifecycle (>= 0.2.0)",
        "mime (>= 0.3)",
        "otel",
        "promises (>= 1.5.0)",
        "R6 (>= 2.0)",
        "rlang (>= 0.4.10)",
        "sourcetools",
        "tools",
        "utils",
        "withr",
        "xtable"
      ],
      "Suggests": [
        "Cairo (>= 1.5-5)",
        "coro (>= 1.1.0)",
        "datasets",
        "DT",
        "dygraphs",
        "future",
        "ggplot2",
        "knitr (>= 1.6)",
        "magrittr",
        "markdown",
        "mirai",
        "otelsdk (>= 0.2.0)",
        "ragg",
        "reactlog (>= 1.0.0)",
        "rmarkdown",
        "sass",
        "shinytest2",
        "showtext",
        "testthat (>= 3.2.1)",
        "watcher",
        "yaml"
      ]
    },
    "sourcetools": {
      "Package": "sourcetools",
      "Version": "0.1.7-2",
      "Source": "Repository",
      "Repository": "CRAN",
      "Depends": [
        "R (>= 3.0.2)"
      ],
      "Suggests": [
        "testthat"
      ]
    },
    "stringi": {
      "Package": "stringi",
      "Version": "1.8.7",
      "Source": "Repository",
      "Repository": "CRAN",
      "Depends": [
        "R (>= 3.4)"
      ],
      "Imports": [
        "tools",
        "utils",
        "stats"
      ]
    },
    "sys": {
      "Package": "sys",
      "Version": "3.4.3",
      "Source": "Repository",
      "Repository": "CRAN",
      "Suggests": [
        "unix (>= 1.4)",
        "spelling",
        "testthat"
      ]
    },
    "systemfonts": {
      "Package": "systemfonts",
      "Version": "1.3.2",
      "Source": "Repository",
      "Repository": "CRAN",
      "Depends": [
        "R (>= 3.2.0)"
      ],
      "Imports": [
        "base64enc",
        "grid",
        "jsonlite",
        "lifecycle",
        "tools",
        "utils"
      ],
      "LinkingTo": [
        "cpp11 (>= 0.2.1)"
      ],
      "Suggests": [
        "covr",
        "farver",
        "ggplot2",
        "graphics",
        "knitr",
        "ragg",
        "rmarkdown",
        "svglite",
        "testthat (>= 2.1.0)"
      ]
    },
    "testthat": {
      "Package": "testthat",
      "Version": "3.3.2",
      "Source": "Repository",
      "Repository": "CRAN",
      "Depends": [
        "R (>= 4.1.0)"
      ],
      "Imports": [
        "brio (>= 1.1.5)",
        "callr (>= 3.7.6)",
        "cli (>= 3.6.5)",
        "desc (>= 1.4.3)",
        "evaluate (>= 1.0.4)",
        "jsonlite (>= 2.0.0)",
        "lifecycle (>= 1.0.4)",
        "magrittr (>= 2.0.3)",
        "methods",
        "pkgload (>= 1.4.0)",
        "praise (>= 1.0.0)",
        "processx (>= 3.8.6)",
        "ps (>= 1.9.1)",
        "R6 (>= 2.6.1)",
        "rlang (>= 1.1.6)",
        "utils",
        "waldo (>= 0.6.2)",
        "withr (>= 3.0.2)"
      ],
      "Suggests": [
        "covr",
        "curl (>= 0.9.5)",
        "diffviewer (>= 0.1.0)",
        "digest (>= 0.6.33)",
        "gh",
        "knitr",
        "otel",
        "otelsdk",
        "rmarkdown",
        "rstudioapi",
        "S7",
        "shiny",
        "usethis",
        "vctrs (>= 0.1.0)",
        "xml2"
      ]
    },
    "textshaping": {
      "Package": "textshaping",
      "Version": "1.0.5",
      "Source": "Repository",
      "Repository": "CRAN",
      "Depends": [
        "R (>= 3.2.0)"
      ],
      "Imports": [
        "lifecycle",
        "stats",
        "stringi",
        "systemfonts (>= 1.3.0)",
        "utils"
      ],
      "LinkingTo": [
        "cpp11 (>= 0.2.1)",
        "systemfonts (>= 1.0.0)"
      ],
      "Suggests": [
        "covr",
        "grDevices",
        "grid",
        "knitr",
        "rmarkdown",
        "testthat (>= 3.0.0)"
      ]
    },
    "tibble": {
      "Package": "tibble",
      "Version": "3.3.1",
      "Source": "Repository",
      "Repository": "CRAN",
      "Depends": [
        "R (>= 3.4.0)"
      ],
      "Imports": [
        "cli",
        "lifecycle (>= 1.0.0)",
        "magrittr",
        "methods",
        "pillar (>= 1.8.1)",
        "pkgconfig",
        "rlang (>= 1.0.2)",
        "utils",
        "vctrs (>= 0.5.0)"
      ],
      "Suggests": [
        "bench",
        "bit64",
        "blob",
        "brio",
        "callr",
        "DiagrammeR",
        "dplyr",
        "evaluate",
        "formattable",
        "ggplot2",
        "here",
        "hms",
        "htmltools",
        "knitr",
        "lubridate",
        "nycflights13",
        "pkgload",
        "purrr",
        "rmarkdown",
        "stringi",
        "testthat (>= 3.0.2)",
        "tidyr",
        "withr"
      ]
    },
    "tinytex": {
      "Package": "tinytex",
      "Version": "0.60",
      "Source": "Repository",
      "Repository": "CRAN",
      "Imports": [
        "xfun (>= 0.48)"
      ],
      "Suggests": [
        "testit",
        "rstudioapi"
      ]
    },
    "urlchecker": {
      "Package": "urlchecker",
      "Version": "1.0.1",
      "Source": "Repository",
      "Repository": "CRAN",
      "Depends": [
        "R (>= 3.3)"
      ],
      "Imports": [
        "cli",
        "curl",
        "tools",
        "xml2"
      ],
      "Suggests": [
        "covr"
      ]
    },
    "usethis": {
      "Package": "usethis",
      "Version": "3.2.1",
      "Source": "Repository",
      "Repository": "CRAN",
      "Depends": [
        "R (>= 4.1)"
      ],
      "Imports": [
        "cli (>= 3.0.1)",
        "clipr (>= 0.3.0)",
        "crayon",
        "curl (>= 2.7)",
        "desc (>= 1.4.2)",
        "fs (>= 1.3.0)",
        "gert (>= 1.4.1)",
        "gh (>= 1.2.1)",
        "glue (>= 1.3.0)",
        "jsonlite",
        "lifecycle (>= 1.0.0)",
        "purrr",
        "rappdirs",
        "rlang (>= 1.1.0)",
        "rprojroot (>= 2.1.1)",
        "rstudioapi",
        "stats",
        "tools",
        "utils",
        "whisker",
        "withr (>= 2.3.0)",
        "yaml"
      ],
      "Suggests": [
        "covr",
        "knitr",
        "magick",
        "pkgload (>= 1.3.2.1)",
        "quarto (>= 1.5.1)",
        "rmarkdown",
        "roxygen2 (>= 7.1.2)",
        "spelling (>= 1.2)",
        "testthat (>= 3.1.8)"
      ]
    },
    "utf8": {
      "Package": "utf8",
      "Version": "1.2.6",
      "Source": "Repository",
      "Repository": "CRAN",
      "Depends": [
        "R (>= 2.10)"
      ],
      "Suggests": [
        "cli",
        "covr",
        "knitr",
        "rlang",
        "rmarkdown",
        "testthat (>= 3.0.0)",
        "withr"
      ]
    },
    "vctrs": {
      "Package": "vctrs",
      "Version": "0.7.3",
      "Source": "Repository",
      "Repository": "CRAN",
      "Depends": [
        "R (>= 4.0.0)"
      ],
      "Imports": [
        "cli (>= 3.4.0)",
        "glue",
        "lifecycle (>= 1.0.3)",
        "rlang (>= 1.1.7)"
      ],
      "Suggests": [
        "bit64",
        "covr",
        "crayon",
        "dplyr (>= 0.8.5)",
        "generics",
        "knitr",
        "pillar (>= 1.4.4)",
        "pkgdown (>= 2.0.1)",
        "rmarkdown",
        "testthat (>= 3.0.0)",
        "tibble (>= 3.1.3)",
        "waldo (>= 0.2.0)",
        "withr",
        "xml2",
        "zeallot"
      ]
    },
    "waldo": {
      "Package": "waldo",
      "Version": "0.6.2",
      "Source": "Repository",
      "Repository": "CRAN",
      "Depends": [
        "R (>= 4.0)"
      ],
      "Imports": [
        "cli",
        "diffobj (>= 0.3.4)",
        "glue",
        "methods",
        "rlang (>= 1.1.0)"
      ],
      "Suggests": [
        "bit64",
        "R6",
        "S7",
        "testthat (>= 3.0.0)",
        "withr",
        "xml2"
      ]
    },
    "whisker": {
      "Package": "whisker",
      "Version": "0.4.1",
      "Source": "Repository",
      "Repository": "CRAN",
      "Suggests": [
        "markdown"
      ]
    },
    "withr": {
      "Package": "withr",
      "Version": "3.0.3",
      "Source": "Repository",
      "Repository": "CRAN",
      "Depends": [
        "R (>= 3.6.0)"
      ],
      "Imports": [
        "graphics",
        "grDevices"
      ],
      "Suggests": [
        "callr",
        "DBI",
        "knitr",
        "methods",
        "rlang",
        "rmarkdown (>= 2.12)",
        "RSQLite",
        "testthat (>= 3.0.0)"
      ]
    },
    "xfun": {
      "Package": "xfun",
      "Version": "0.59",
      "Source": "Repository",
      "Repository": "CRAN",
      "Depends": [
        "R (>= 3.2.0)"
      ],
      "Imports": [
        "grDevices",
        "stats",
        "tools"
      ],
      "Suggests": [
        "testit",
        "parallel",
        "codetools",
        "methods",
        "rstudioapi",
        "tinytex (>= 0.30)",
        "mime",
        "litedown (>= 0.6)",
        "commonmark",
        "knitr (>= 1.50)",
        "remotes",
        "pak",
        "curl",
        "xml2",
        "jsonlite",
        "magick",
        "yaml",
        "data.table",
        "qs2"
      ]
    },
    "xml2": {
      "Package": "xml2",
      "Version": "1.6.0",
      "Source": "Repository",
      "Repository": "CRAN",
      "Depends": [
        "R (>= 3.6.0)"
      ],
      "Imports": [
        "cli",
        "methods",
        "rlang (>= 1.1.0)"
      ],
      "Suggests": [
        "covr",
        "curl",
        "httr",
        "knitr",
        "mockery",
        "rmarkdown",
        "testthat (>= 3.2.0)",
        "xslt"
      ]
    },
    "xopen": {
      "Package": "xopen",
      "Version": "1.0.1",
      "Source": "Repository",
      "Repository": "CRAN",
      "Depends": [
        "R (>= 3.1)"
      ],
      "Imports": [
        "processx"
      ],
      "Suggests": [
        "ps",
        "testthat (>= 3.0.0)"
      ]
    },
    "xtable": {
      "Package": "xtable",
      "Version": "1.8-8",
      "Source": "Repository",
      "Repository": "CRAN",
      "Depends": [
        "R (>= 2.10.0)"
      ],
      "Imports": [
        "stats",
        "utils",
        "methods"
      ],
      "Suggests": [
        "knitr",
        "zoo",
        "survival",
        "glue",
        "tinytex"
      ]
    },
    "yaml": {
      "Package": "yaml",
      "Version": "2.3.12",
      "Source": "Repository",
      "Repository": "CRAN",
      "Suggests": [
        "knitr",
        "rmarkdown",
        "testthat (>= 3.0.0)"
      ]
    },
    "zip": {
      "Package": "zip",
      "Version": "3.0.0",
      "Source": "Repository",
      "Repository": "CRAN",
      "LinkingTo": [
        "cli"
      ],
      "Suggests": [
        "callr",
        "cli",
        "curl",
        "pillar",
        "processx",
        "R6",
        "testthat",
        "webfakes",
        "withr"
      ]
    }
  }
}
